
Microsoft Visual Studio Solution File, Format Version 12.00
# Visual Studio 14
VisualStudioVersion = 14.0.25420.1
MinimumVisualStudioVersion = 10.0.40219.1
Project("{FAE04EC0-301F-11D3-BF4B-00C04F79EFBC}") = "Lab5_Act_3", "Lab5_Act_3\Lab5_Act_3.csproj", "{EBA8EB09-D063-4CF9-878F-302D2B500E89}"
EndProject
Global
	GlobalSection(SolutionConfigurationPlatforms) = preSolution
		Debug|Any CPU = Debug|Any CPU
		Release|Any CPU = Release|Any CPU
	EndGlobalSection
	GlobalSection(ProjectConfigurationPlatforms) = postSolution
		{EBA8EB09-D063-4CF9-878F-302D2B500E89}.Debug|Any CPU.ActiveCfg = Debug|Any CPU
		{EBA8EB09-D063-4CF9-878F-302D2B500E89}.Debug|Any CPU.Build.0 = Debug|Any CPU
		{EBA8EB09-D063-4CF9-878F-302D2B500E89}.Release|Any CPU.ActiveCfg = Release|Any CPU
		{EBA8EB09-D063-4CF9-878F-302D2B500E89}.Release|Any CPU.Build.0 = Release|Any CPU
	EndGlobalSection
	GlobalSection(SolutionProperties) = preSolution
		HideSolutionNode = FALSE
	EndGlobalSection
EndGlobal
